
Microsoft Visual Studio Solution File, Format Version 12.00
# Visual Studio Version 16
VisualStudioVersion = 16.0.30503.244
MinimumVisualStudioVersion = 10.0.40219.1
Project("{888888A0-9F3D-457C-B088-3A5042F75D52}") = "1.1", "1.1\1.1.pyproj", "{1232128E-D65A-4D0A-9367-C6E20F1408E8}"
EndProject
Global
	GlobalSection(SolutionConfigurationPlatforms) = preSolution
		Debug|Any CPU = Debug|Any CPU
		Release|Any CPU = Release|Any CPU
	EndGlobalSection
	GlobalSection(ProjectConfigurationPlatforms) = postSolution
		{1232128E-D65A-4D0A-9367-C6E20F1408E8}.Debug|Any CPU.ActiveCfg = Debug|Any CPU
		{1232128E-D65A-4D0A-9367-C6E20F1408E8}.Release|Any CPU.ActiveCfg = Release|Any CPU
	EndGlobalSection
	GlobalSection(SolutionProperties) = preSolution
		HideSolutionNode = FALSE
	EndGlobalSection
	GlobalSection(ExtensibilityGlobals) = postSolution
		SolutionGuid = {CA303F9D-52B8-4B28-A415-36082D2F5F2A}
	EndGlobalSection
EndGlobal
